
Microsoft Visual Studio Solution File, Format Version 12.00
# Visual Studio Version 17
VisualStudioVersion = 17.8.34330.188
MinimumVisualStudioVersion = 10.0.40219.1
Project("{FAE04EC0-301F-11D3-BF4B-00C04F79EFBC}") = "BilgiYarismasiApp", "BilgiYarismasiApp\BilgiYarismasiApp.csproj", "{1BDE6652-29A5-4328-88D4-5BFC31F107D4}"
EndProject
Global
	GlobalSection(SolutionConfigurationPlatforms) = preSolution
		Debug|Any CPU = Debug|Any CPU
		Release|Any CPU = Release|Any CPU
	EndGlobalSection
	GlobalSection(ProjectConfigurationPlatforms) = postSolution
		{1BDE6652-29A5-4328-88D4-5BFC31F107D4}.Debug|Any CPU.ActiveCfg = Debug|Any CPU
		{1BDE6652-29A5-4328-88D4-5BFC31F107D4}.Debug|Any CPU.Build.0 = Debug|Any CPU
		{1BDE6652-29A5-4328-88D4-5BFC31F107D4}.Release|Any CPU.ActiveCfg = Release|Any CPU
		{1BDE6652-29A5-4328-88D4-5BFC31F107D4}.Release|Any CPU.Build.0 = Release|Any CPU
	EndGlobalSection
	GlobalSection(SolutionProperties) = preSolution
		HideSolutionNode = FALSE
	EndGlobalSection
	GlobalSection(ExtensibilityGlobals) = postSolution
		SolutionGuid = {F10119E6-66C6-4CD9-8F34-09E2C0CC8D22}
	EndGlobalSection
EndGlobal
